
Microsoft Visual Studio Solution File, Format Version 12.00
# Visual Studio 15
VisualStudioVersion = 15.0.28010.2036
MinimumVisualStudioVersion = 10.0.40219.1
Project("{8BC9CEB8-8B4A-11D0-8D11-00A0C91BC942}") = "HW", "HW\HW.vcxproj", "{DCFAE4B6-7EBB-4F78-AC0B-5F36E8FBC62C}"
EndProject
Global
	GlobalSection(SolutionConfigurationPlatforms) = preSolution
		Debug|x64 = Debug|x64
		Debug|x86 = Debug|x86
		Release|x64 = Release|x64
		Release|x86 = Release|x86
	EndGlobalSection
	GlobalSection(ProjectConfigurationPlatforms) = postSolution
		{DCFAE4B6-7EBB-4F78-AC0B-5F36E8FBC62C}.Debug|x64.ActiveCfg = Debug|x64
		{DCFAE4B6-7EBB-4F78-AC0B-5F36E8FBC62C}.Debug|x64.Build.0 = Debug|x64
		{DCFAE4B6-7EBB-4F78-AC0B-5F36E8FBC62C}.Debug|x86.ActiveCfg = Debug|Win32
		{DCFAE4B6-7EBB-4F78-AC0B-5F36E8FBC62C}.Debug|x86.Build.0 = Debug|Win32
		{DCFAE4B6-7EBB-4F78-AC0B-5F36E8FBC62C}.Release|x64.ActiveCfg = Release|x64
		{DCFAE4B6-7EBB-4F78-AC0B-5F36E8FBC62C}.Release|x64.Build.0 = Release|x64
		{DCFAE4B6-7EBB-4F78-AC0B-5F36E8FBC62C}.Release|x86.ActiveCfg = Release|Win32
		{DCFAE4B6-7EBB-4F78-AC0B-5F36E8FBC62C}.Release|x86.Build.0 = Release|Win32
	EndGlobalSection
	GlobalSection(SolutionProperties) = preSolution
		HideSolutionNode = FALSE
	EndGlobalSection
	GlobalSection(ExtensibilityGlobals) = postSolution
		SolutionGuid = {16189362-2EBA-469D-9F1D-E4924EB1ED28}
	EndGlobalSection
EndGlobal
